
Microsoft Visual Studio Solution File, Format Version 12.00
# Visual Studio Version 17
VisualStudioVersion = 17.8.34330.188
MinimumVisualStudioVersion = 10.0.40219.1
Project("{9A19103F-16F7-4668-BE54-9A1E7A4F7556}") = "DieselBrowser", "DieselBrowser\DieselBrowser.csproj", "{DA4647F6-8037-409C-9DD2-5F951F2EDEC0}"
EndProject
Project("{9A19103F-16F7-4668-BE54-9A1E7A4F7556}") = "DieselObjectDatabaseLib", "DieselObjectDatabaseLib\DieselObjectDatabaseLib.csproj", "{6876AF2F-E96B-4DB5-BAEA-362964A2D200}"
EndProject
Project("{FAE04EC0-301F-11D3-BF4B-00C04F79EFBC}") = "ShaderPassSplitter", "ShaderPassSplitter\ShaderPassSplitter.csproj", "{960902EA-1BC1-42AB-A42C-3739ABE0C025}"
EndProject
Global
	GlobalSection(SolutionConfigurationPlatforms) = preSolution
		Debug|Any CPU = Debug|Any CPU
		Debug|x64 = Debug|x64
		Debug|x86 = Debug|x86
		Release|Any CPU = Release|Any CPU
		Release|x64 = Release|x64
		Release|x86 = Release|x86
	EndGlobalSection
	GlobalSection(ProjectConfigurationPlatforms) = postSolution
		{DA4647F6-8037-409C-9DD2-5F951F2EDEC0}.Debug|Any CPU.ActiveCfg = Debug|Any CPU
		{DA4647F6-8037-409C-9DD2-5F951F2EDEC0}.Debug|Any CPU.Build.0 = Debug|Any CPU
		{DA4647F6-8037-409C-9DD2-5F951F2EDEC0}.Debug|x64.ActiveCfg = Debug|Any CPU
		{DA4647F6-8037-409C-9DD2-5F951F2EDEC0}.Debug|x64.Build.0 = Debug|Any CPU
		{DA4647F6-8037-409C-9DD2-5F951F2EDEC0}.Debug|x86.ActiveCfg = Debug|Any CPU
		{DA4647F6-8037-409C-9DD2-5F951F2EDEC0}.Debug|x86.Build.0 = Debug|Any CPU
		{DA4647F6-8037-409C-9DD2-5F951F2EDEC0}.Release|Any CPU.ActiveCfg = Release|Any CPU
		{DA4647F6-8037-409C-9DD2-5F951F2EDEC0}.Release|Any CPU.Build.0 = Release|Any CPU
		{DA4647F6-8037-409C-9DD2-5F951F2EDEC0}.Release|x64.ActiveCfg = Release|Any CPU
		{DA4647F6-8037-409C-9DD2-5F951F2EDEC0}.Release|x64.Build.0 = Release|Any CPU
		{DA4647F6-8037-409C-9DD2-5F951F2EDEC0}.Release|x86.ActiveCfg = Release|Any CPU
		{DA4647F6-8037-409C-9DD2-5F951F2EDEC0}.Release|x86.Build.0 = Release|Any CPU
		{6876AF2F-E96B-4DB5-BAEA-362964A2D200}.Debug|Any CPU.ActiveCfg = Debug|Any CPU
		{6876AF2F-E96B-4DB5-BAEA-362964A2D200}.Debug|Any CPU.Build.0 = Debug|Any CPU
		{6876AF2F-E96B-4DB5-BAEA-362964A2D200}.Debug|x64.ActiveCfg = Debug|Any CPU
		{6876AF2F-E96B-4DB5-BAEA-362964A2D200}.Debug|x64.Build.0 = Debug|Any CPU
		{6876AF2F-E96B-4DB5-BAEA-362964A2D200}.Debug|x86.ActiveCfg = Debug|Any CPU
		{6876AF2F-E96B-4DB5-BAEA-362964A2D200}.Debug|x86.Build.0 = Debug|Any CPU
		{6876AF2F-E96B-4DB5-BAEA-362964A2D200}.Release|Any CPU.ActiveCfg = Release|Any CPU
		{6876AF2F-E96B-4DB5-BAEA-362964A2D200}.Release|Any CPU.Build.0 = Release|Any CPU
		{6876AF2F-E96B-4DB5-BAEA-362964A2D200}.Release|x64.ActiveCfg = Release|Any CPU
		{6876AF2F-E96B-4DB5-BAEA-362964A2D200}.Release|x64.Build.0 = Release|Any CPU
		{6876AF2F-E96B-4DB5-BAEA-362964A2D200}.Release|x86.ActiveCfg = Release|Any CPU
		{6876AF2F-E96B-4DB5-BAEA-362964A2D200}.Release|x86.Build.0 = Release|Any CPU
		{960902EA-1BC1-42AB-A42C-3739ABE0C025}.Debug|Any CPU.ActiveCfg = Debug|Any CPU
		{960902EA-1BC1-42AB-A42C-3739ABE0C025}.Debug|Any CPU.Build.0 = Debug|Any CPU
		{960902EA-1BC1-42AB-A42C-3739ABE0C025}.Debug|x64.ActiveCfg = Debug|Any CPU
		{960902EA-1BC1-42AB-A42C-3739ABE0C025}.Debug|x64.Build.0 = Debug|Any CPU
		{960902EA-1BC1-42AB-A42C-3739ABE0C025}.Debug|x86.ActiveCfg = Debug|Any CPU
		{960902EA-1BC1-42AB-A42C-3739ABE0C025}.Debug|x86.Build.0 = Debug|Any CPU
		{960902EA-1BC1-42AB-A42C-3739ABE0C025}.Release|Any CPU.ActiveCfg = Release|Any CPU
		{960902EA-1BC1-42AB-A42C-3739ABE0C025}.Release|Any CPU.Build.0 = Release|Any CPU
		{960902EA-1BC1-42AB-A42C-3739ABE0C025}.Release|x64.ActiveCfg = Release|Any CPU
		{960902EA-1BC1-42AB-A42C-3739ABE0C025}.Release|x64.Build.0 = Release|Any CPU
		{960902EA-1BC1-42AB-A42C-3739ABE0C025}.Release|x86.ActiveCfg = Release|Any CPU
		{960902EA-1BC1-42AB-A42C-3739ABE0C025}.Release|x86.Build.0 = Release|Any CPU
	EndGlobalSection
	GlobalSection(SolutionProperties) = preSolution
		HideSolutionNode = FALSE
	EndGlobalSection
	GlobalSection(ExtensibilityGlobals) = postSolution
		SolutionGuid = {46876E9F-57EA-4BF5-AF00-B28DB9F5C6A0}
	EndGlobalSection
EndGlobal
